{
  "name": "iranian-national-code-validator",
  "version": "1.0.0",
  "lockfileVersion": 3,
  "requires": true,
  "packages": {
    "": {
      "name": "iranian-national-code-validator",
      "version": "1.0.0",
      "license": "ISC",
      "bin": {
        "iranian-national-code-validator": "index.ts"
      }
    }
  }
}
